<?xml version="1.0" encoding="utf-8"?>
<Project ToolsVersion="4.0" xmlns="http://schemas.microsoft.com/developer/msbuild/2003">
  <ItemGroup>
    <Filter Include="Source Files">
      <UniqueIdentifier>{356e9a2a-b449-4e2a-b1ba-36ac7c054c96}</UniqueIdentifier>
      <Extensions>cpp;c;cxx;rc;def;r;odl;idl;hpj;bat</Extensions>
    </Filter>
    <Filter Include="Header Files">
      <UniqueIdentifier>{a57ba440-c472-4a7f-b6b6-d9764b349455}</UniqueIdentifier>
      <Extensions>h;hpp;hxx;hm;inl</Extensions>
    </Filter>
    <Filter Include="Resource Files">
      <UniqueIdentifier>{d919bd89-e3d5-42f4-820f-c605554d499f}</UniqueIdentifier>
      <Extensions>ico;cur;bmp;dlg;rc2;rct;bin;rgs;gif;jpg;jpeg;jpe</Extensions>
    </Filter>
  </ItemGroup>
  <ItemGroup>
    <ClCompile Include="AddDIRecordDlg.cpp">
      <Filter>Source Files</Filter>
    </ClCompile>
    <ClCompile Include="AddForeRecordDlg.cpp">
      <Filter>Source Files</Filter>
    </ClCompile>
    <ClCompile Include="AddOnDutyRDlg.cpp">
      <Filter>Source Files</Filter>
    </ClCompile>
    <ClCompile Include="AddPRecordDlg.cpp">
      <Filter>Source Files</Filter>
    </ClCompile>
    <ClCompile Include="AddStuReDlg.cpp">
      <Filter>Source Files</Filter>
    </ClCompile>
    <ClCompile Include="AdministratorRS.cpp">
      <Filter>Source Files</Filter>
    </ClCompile>
    <ClCompile Include="Domitory.cpp">
      <Filter>Source Files</Filter>
    </ClCompile>
    <ClCompile Include="DomitoryDlg.cpp">
      <Filter>Source Files</Filter>
    </ClCompile>
    <ClCompile Include="DomitoryInfoDlg.cpp">
      <Filter>Source Files</Filter>
    </ClCompile>
    <ClCompile Include="DomitoryRS.cpp">
      <Filter>Source Files</Filter>
    </ClCompile>
    <ClCompile Include="ForeignRegDlg.cpp">
      <Filter>Source Files</Filter>
    </ClCompile>
    <ClCompile Include="ForeignRegRS.cpp">
      <Filter>Source Files</Filter>
    </ClCompile>
    <ClCompile Include="FRegisterRS.cpp">
      <Filter>Source Files</Filter>
    </ClCompile>
    <ClCompile Include="LoginDlg.cpp">
      <Filter>Source Files</Filter>
    </ClCompile>
    <ClCompile Include="ODScoreRS.cpp">
      <Filter>Source Files</Filter>
    </ClCompile>
    <ClCompile Include="OnDutyDlg.cpp">
      <Filter>Source Files</Filter>
    </ClCompile>
    <ClCompile Include="OnDutyPage1.cpp">
      <Filter>Source Files</Filter>
    </ClCompile>
    <ClCompile Include="OnDutyPage2.cpp">
      <Filter>Source Files</Filter>
    </ClCompile>
    <ClCompile Include="OnDutyPage3.cpp">
      <Filter>Source Files</Filter>
    </ClCompile>
    <ClCompile Include="OnDutyRS.cpp">
      <Filter>Source Files</Filter>
    </ClCompile>
    <ClCompile Include="PersonODRS.cpp">
      <Filter>Source Files</Filter>
    </ClCompile>
    <ClCompile Include="StdAfx.cpp">
      <Filter>Source Files</Filter>
    </ClCompile>
    <ClCompile Include="StudentRS.cpp">
      <Filter>Source Files</Filter>
    </ClCompile>
    <ClCompile Include="StuInfoDlg.cpp">
      <Filter>Source Files</Filter>
    </ClCompile>
  </ItemGroup>
  <ItemGroup>
    <ResourceCompile Include="Domitory.rc">
      <Filter>Source Files</Filter>
    </ResourceCompile>
  </ItemGroup>
  <ItemGroup>
    <ClInclude Include="AddDIRecordDlg.h">
      <Filter>Header Files</Filter>
    </ClInclude>
    <ClInclude Include="AddForeRecordDlg.h">
      <Filter>Header Files</Filter>
    </ClInclude>
    <ClInclude Include="AddOnDutyRDlg.h">
      <Filter>Header Files</Filter>
    </ClInclude>
    <ClInclude Include="AddPRecordDlg.h">
      <Filter>Header Files</Filter>
    </ClInclude>
    <ClInclude Include="AddStuReDlg.h">
      <Filter>Header Files</Filter>
    </ClInclude>
    <ClInclude Include="AdministratorRS.h">
      <Filter>Header Files</Filter>
    </ClInclude>
    <ClInclude Include="Domitory.h">
      <Filter>Header Files</Filter>
    </ClInclude>
    <ClInclude Include="DomitoryDlg.h">
      <Filter>Header Files</Filter>
    </ClInclude>
    <ClInclude Include="DomitoryInfoDlg.h">
      <Filter>Header Files</Filter>
    </ClInclude>
    <ClInclude Include="DomitoryRS.h">
      <Filter>Header Files</Filter>
    </ClInclude>
    <ClInclude Include="ForeignRegDlg.h">
      <Filter>Header Files</Filter>
    </ClInclude>
    <ClInclude Include="ForeignRegRS.h">
      <Filter>Header Files</Filter>
    </ClInclude>
    <ClInclude Include="FRegisterRS.h">
      <Filter>Header Files</Filter>
    </ClInclude>
    <ClInclude Include="LoginDlg.h">
      <Filter>Header Files</Filter>
    </ClInclude>
    <ClInclude Include="ODScoreRS.h">
      <Filter>Header Files</Filter>
    </ClInclude>
    <ClInclude Include="OnDutyDlg.h">
      <Filter>Header Files</Filter>
    </ClInclude>
    <ClInclude Include="OnDutyPage1.h">
      <Filter>Header Files</Filter>
    </ClInclude>
    <ClInclude Include="OnDutyPage2.h">
      <Filter>Header Files</Filter>
    </ClInclude>
    <ClInclude Include="OnDutyPage3.h">
      <Filter>Header Files</Filter>
    </ClInclude>
    <ClInclude Include="OnDutyRS.h">
      <Filter>Header Files</Filter>
    </ClInclude>
    <ClInclude Include="PersonODRS.h">
      <Filter>Header Files</Filter>
    </ClInclude>
    <ClInclude Include="Resource.h">
      <Filter>Header Files</Filter>
    </ClInclude>
    <ClInclude Include="StdAfx.h">
      <Filter>Header Files</Filter>
    </ClInclude>
    <ClInclude Include="StudentRS.h">
      <Filter>Header Files</Filter>
    </ClInclude>
    <ClInclude Include="StuInfoDlg.h">
      <Filter>Header Files</Filter>
    </ClInclude>
  </ItemGroup>
  <ItemGroup>
    <Image Include="res\Domitory.ico">
      <Filter>Resource Files</Filter>
    </Image>
    <Image Include="res\hp_folder_boy(2).bmp">
      <Filter>Resource Files</Filter>
    </Image>
    <Image Include="res\hp_folder_boy.ico">
      <Filter>Resource Files</Filter>
    </Image>
    <Image Include="res\hp_folder_boy3.bmp">
      <Filter>Resource Files</Filter>
    </Image>
  </ItemGroup>
  <ItemGroup>
    <Text Include="ReadMe.txt" />
  </ItemGroup>
  <ItemGroup>
    <CustomBuild Include="res\Domitory.rc2">
      <Filter>Resource Files</Filter>
    </CustomBuild>
  </ItemGroup>
</Project>